// !$*UTF8*$!
{
	archiveVersion = 1;
	classes = {
	};
	objectVersion = 50;
	objects = {

/* Begin PBXBuildFile section */
		FB54C9D625002B56004D96AF /* AppDelegate.swift in Sources */ = {isa = PBXBuildFile; fileRef = FB54C9D525002B56004D96AF /* AppDelegate.swift */; };
		FB54C9D825002B56004D96AF /* SceneDelegate.swift in Sources */ = {isa = PBXBuildFile; fileRef = FB54C9D725002B56004D96AF /* SceneDelegate.swift */; };
		FB54C9DA25002B56004D96AF /* ViewController.swift in Sources */ = {isa = PBXBuildFile; fileRef = FB54C9D925002B56004D96AF /* ViewController.swift */; };
		FB54C9DD25002B56004D96AF /* Main.storyboard in Resources */ = {isa = PBXBuildFile; fileRef = FB54C9DB25002B56004D96AF /* Main.storyboard */; };
		FB54C9DF25002B59004D96AF /* Assets.xcassets in Resources */ = {isa = PBXBuildFile; fileRef = FB54C9DE25002B59004D96AF /* Assets.xcassets */; };
		FB54C9E225002B59004D96AF /* LaunchScreen.storyboard in Resources */ = {isa = PBXBuildFile; fileRef = FB54C9E025002B59004D96AF /* LaunchScreen.storyboard */; };
/* End PBXBuildFile section */

/* Begin PBXFileReference section */
		FB54C9D225002B56004D96AF /* Day4_iOSPrep.app */ = {isa = PBXFileReference; explicitFileType = wrapper.application; includeInIndex = 0; path = Day4_iOSPrep.app; sourceTree = BUILT_PRODUCTS_DIR; };
		FB54C9D525002B56004D96AF /* AppDelegate.swift */ = {isa = PBXFileReference; lastKnownFileType = sourcecode.swift; path = AppDelegate.swift; sourceTree = "<group>"; };
		FB54C9D725002B56004D96AF /* SceneDelegate.swift */ = {isa = PBXFileReference; lastKnownFileType = sourcecode.swift; path = SceneDelegate.swift; sourceTree = "<group>"; };
		FB54C9D925002B56004D96AF /* ViewController.swift */ = {isa = PBXFileReference; lastKnownFileType = sourcecode.swift; path = ViewController.swift; sourceTree = "<group>"; };
		FB54C9DC25002B56004D96AF /* Base */ = {isa = PBXFileReference; lastKnownFileType = file.storyboard; name = Base; path = Base.lproj/Main.storyboard; sourceTree = "<group>"; };
		FB54C9DE25002B59004D96AF /* Assets.xcassets */ = {isa = PBXFileReference; lastKnownFileType = folder.assetcatalog; path = Assets.xcassets; sourceTree = "<group>"; };
		FB54C9E125002B59004D96AF /* Base */ = {isa = PBXFileReference; lastKnownFileType = file.storyboard; name = Base; path = Base.lproj/LaunchScreen.storyboard; sourceTree = "<group>"; };
		FB54C9E325002B59004D96AF /* Info.plist */ = {isa = PBXFileReference; lastKnownFileType = text.plist.xml; path = Info.plist; sourceTree = "<group>"; };
/* End PBXFileReference section */

/* Begin PBXFrameworksBuildPhase section */
		FB54C9CF25002B56004D96AF /* Frameworks */ = {
			isa = PBXFrameworksBuildPhase;
			buildActionMask = 2147483647;
			files = (
			);
			runOnlyForDeploymentPostprocessing = 0;
		};
/* End PBXFrameworksBuildPhase section */

/* Begin PBXGroup section */
		FB13011E2500CA9B001567E3 /* Supporting Files */ = {
			isa = PBXGroup;
			children = (
				FB54C9D525002B56004D96AF /* AppDelegate.swift */,
				FB54C9D725002B56004D96AF /* SceneDelegate.swift */,
				FB54C9DE25002B59004D96AF /* Assets.xcassets */,
				FB54C9E025002B59004D96AF /* LaunchScreen.storyboard */,
				FB54C9E325002B59004D96AF /* Info.plist */,
			);
			path = "Supporting Files";
			sourceTree = "<group>";
		};
		FB13011F2500CAA5001567E3 /* View Controllers */ = {
			isa = PBXGroup;
			children = (
				FB54C9D925002B56004D96AF /* ViewController.swift */,
			);
			path = "View Controllers";
			sourceTree = "<group>";
		};
		FB1301202500CAB1001567E3 /* Storyboards */ = {
			isa = PBXGroup;
			children = (
				FB54C9DB25002B56004D96AF /* Main.storyboard */,
			);
			path = Storyboards;
			sourceTree = "<group>";
		};
		FB54C9C925002B56004D96AF = {
			isa = PBXGroup;
			children = (
				FB54C9D425002B56004D96AF /* Day4_iOSPrep */,
				FB54C9D325002B56004D96AF /* Products */,
			);
			sourceTree = "<group>";
		};
		FB54C9D325002B56004D96AF /* Products */ = {
			isa = PBXGroup;
			children = (
				FB54C9D225002B56004D96AF /* Day4_iOSPrep.app */,
			);
			name = Products;
			sourceTree = "<group>";
		};
		FB54C9D425002B56004D96AF /* Day4_iOSPrep */ = {
			isa = PBXGroup;
			children = (
				FB13011E2500CA9B001567E3 /* Supporting Files */,
				FB13011F2500CAA5001567E3 /* View Controllers */,
				FB1301202500CAB1001567E3 /* Storyboards */,
			);
			path = Day4_iOSPrep;
			sourceTree = "<group>";
		};
/* End PBXGroup section */

/* Begin PBXNativeTarget section */
		FB54C9D125002B56004D96AF /* Day4_iOSPrep */ = {
			isa = PBXNativeTarget;
			buildConfigurationList = FB54C9E625002B59004D96AF /* Build configuration list for PBXNativeTarget "Day4_iOSPrep" */;
			buildPhases = (
				FB54C9CE25002B56004D96AF /* Sources */,
				FB54C9CF25002B56004D96AF /* Frameworks */,
				FB54C9D025002B56004D96AF /* Resources */,
			);
			buildRules = (
			);
			dependencies = (
			);
			name = Day4_iOSPrep;
			productName = Day4_iOSPrep;
			productReference = FB54C9D225002B56004D96AF /* Day4_iOSPrep.app */;
			productType = "com.apple.product-type.application";
		};
/* End PBXNativeTarget section */

/* Begin PBXProject section */
		FB54C9CA25002B56004D96AF /* Project object */ = {
			isa = PBXProject;
			attributes = {
				LastSwiftUpdateCheck = 1170;
				LastUpgradeCheck = 1170;
				ORGANIZATIONNAME = "Karl Pfister";
				TargetAttributes = {
					FB54C9D125002B56004D96AF = {
						CreatedOnToolsVersion = 11.7;
					};
				};
			};
			buildConfigurationList = FB54C9CD25002B56004D96AF /* Build configuration list for PBXProject "Day4_iOSPrep" */;
			compatibilityVersion = "Xcode 9.3";
			developmentRegion = en;
			hasScannedForEncodings = 0;
			knownRegions = (
				en,
				Base,
			);
			mainGroup = FB54C9C925002B56004D96AF;
			productRefGroup = FB54C9D325002B56004D96AF /* Products */;
			projectDirPath = "";
			projectRoot = "";
			targets = (
				FB54C9D125002B56004D96AF /* Day4_iOSPrep */,
			);
		};
/* End PBXProject section */

/* Begin PBXResourcesBuildPhase section */
		FB54C9D025002B56004D96AF /* Resources */ = {
			isa = PBXResourcesBuildPhase;
			buildActionMask = 2147483647;
			files = (
				FB54C9E225002B59004D96AF /* LaunchScreen.storyboard in Resources */,
				FB54C9DF25002B59004D96AF /* Assets.xcassets in Resources */,
				FB54C9DD25002B56004D96AF /* Main.storyboard in Resources */,
			);
			runOnlyForDeploymentPostprocessing = 0;
		};
/* End PBXResourcesBuildPhase section */

/* Begin PBXSourcesBuildPhase section */
		FB54C9CE25002B56004D96AF /* Sources */ = {
			isa = PBXSourcesBuildPhase;
			buildActionMask = 2147483647;
			files = (
				FB54C9DA25002B56004D96AF /* ViewController.swift in Sources */,
				FB54C9D625002B56004D96AF /* AppDelegate.swift in Sources */,
				FB54C9D825002B56004D96AF /* SceneDelegate.swift in Sources */,
			);
			runOnlyForDeploymentPostprocessing = 0;
		};
/* End PBXSourcesBuildPhase section */

/* Begin PBXVariantGroup section */
		FB54C9DB25002B56004D96AF /* Main.storyboard */ = {
			isa = PBXVariantGroup;
			children = (
				FB54C9DC25002B56004D96AF /* Base */,
			);
			name = Main.storyboard;
			sourceTree = "<group>";
		};
		FB54C9E025002B59004D96AF /* LaunchScreen.storyboard */ = {
			isa = PBXVariantGroup;
			children = (
				FB54C9E125002B59004D96AF /* Base */,
			);
			name = LaunchScreen.storyboard;
			sourceTree = "<group>";
		};
/* End PBXVariantGroup section */

/* Begin XCBuildConfiguration section */
		FB54C9E425002B59004D96AF /* Debug */ = {
			isa = XCBuildConfiguration;
			buildSettings = {
				ALWAYS_SEARCH_USER_PATHS = NO;
				CLANG_ANALYZER_NONNULL = YES;
				CLANG_ANALYZER_NUMBER_OBJECT_CONVERSION = YES_AGGRESSIVE;
				CLANG_CXX_LANGUAGE_STANDARD = "gnu++14";
				CLANG_CXX_LIBRARY = "libc++";
				CLANG_ENABLE_MODULES = YES;
				CLANG_ENABLE_OBJC_ARC = YES;
				CLANG_ENABLE_OBJC_WEAK = YES;
				CLANG_WARN_BLOCK_CAPTURE_AUTORELEASING = YES;
				CLANG_WARN_BOOL_CONVERSION = YES;
				CLANG_WARN_COMMA = YES;
				CLANG_WARN_CONSTANT_CONVERSION = YES;
				CLANG_WARN_DEPRECATED_OBJC_IMPLEMENTATIONS = YES;
				CLANG_WARN_DIRECT_OBJC_ISA_USAGE = YES_ERROR;
				CLANG_WARN_DOCUMENTATION_COMMENTS = YES;
				CLANG_WARN_EMPTY_BODY = YES;
				CLANG_WARN_ENUM_CONVERSION = YES;
				CLANG_WARN_INFINITE_RECURSION = YES;
				CLANG_WARN_INT_CONVERSION = YES;
				CLANG_WARN_NON_LITERAL_NULL_CONVERSION = YES;
				CLANG_WARN_OBJC_IMPLICIT_RETAIN_SELF = YES;
				CLANG_WARN_OBJC_LITERAL_CONVERSION = YES;
				CLANG_WARN_OBJC_ROOT_CLASS = YES_ERROR;
				CLANG_WARN_RANGE_LOOP_ANALYSIS = YES;
				CLANG_WARN_STRICT_PROTOTYPES = YES;
				CLANG_WARN_SUSPICIOUS_MOVE = YES;
				CLANG_WARN_UNGUARDED_AVAILABILITY = YES_AGGRESSIVE;
				CLANG_WARN_UNREACHABLE_CODE = YES;
				CLANG_WARN__DUPLICATE_METHOD_MATCH = YES;
				COPY_PHASE_STRIP = NO;
				DEBUG_INFORMATION_FORMAT = dwarf;
				ENABLE_STRICT_OBJC_MSGSEND = YES;
				ENABLE_TESTABILITY = YES;
				GCC_C_LANGUAGE_STANDARD = gnu11;
				GCC_DYNAMIC_NO_PIC = NO;
				GCC_NO_COMMON_BLOCKS = YES;
				GCC_OPTIMIZATION_LEVEL = 0;
				GCC_PREPROCESSOR_DEFINITIONS = (
					"DEBUG=1",
					"$(inherited)",
				);
				GCC_WARN_64_TO_32_BIT_CONVERSION = YES;
				GCC_WARN_ABOUT_RETURN_TYPE = YES_ERROR;
				GCC_WARN_UNDECLARED_SELECTOR = YES;
				GCC_WARN_UNINITIALIZED_AUTOS = YES_AGGRESSIVE;
				GCC_WARN_UNUSED_FUNCTION = YES;
				GCC_WARN_UNUSED_VARIABLE = YES;
				IPHONEOS_DEPLOYMENT_TARGET = 13.7;
				MTL_ENABLE_DEBUG_INFO = INCLUDE_SOURCE;
				MTL_FAST_MATH = YES;
				ONLY_ACTIVE_ARCH = YES;
				SDKROOT = iphoneos;
				SWIFT_ACTIVE_COMPILATION_CONDITIONS = DEBUG;
				SWIFT_OPTIMIZATION_LEVEL = "-Onone";
			};
			name = Debug;
		};
		FB54C9E525002B59004D96AF /* Release */ = {
			isa = XCBuildConfiguration;
			buildSettings = {
				ALWAYS_SEARCH_USER_PATHS = NO;
				CLANG_ANALYZER_NONNULL = YES;
				CLANG_ANALYZER_NUMBER_OBJECT_CONVERSION = YES_AGGRESSIVE;
				CLANG_CXX_LANGUAGE_STANDARD = "gnu++14";
				CLANG_CXX_LIBRARY = "libc++";
				CLANG_ENABLE_MODULES = YES;
				CLANG_ENABLE_OBJC_ARC = YES;
				CLANG_ENABLE_OBJC_WEAK = YES;
				CLANG_WARN_BLOCK_CAPTURE_AUTORELEASING = YES;
				CLANG_WARN_BOOL_CONVERSION = YES;
				CLANG_WARN_COMMA = YES;
				CLANG_WARN_CONSTANT_CONVERSION = YES;
				CLANG_WARN_DEPRECATED_OBJC_IMPLEMENTATIONS = YES;
				CLANG_WARN_DIRECT_OBJC_ISA_USAGE = YES_ERROR;
				CLANG_WARN_DOCUMENTATION_COMMENTS = YES;
				CLANG_WARN_EMPTY_BODY = YES;
				CLANG_WARN_ENUM_CONVERSION = YES;
				CLANG_WARN_INFINITE_RECURSION = YES;
				CLANG_WARN_INT_CONVERSION = YES;
				CLANG_WARN_NON_LITERAL_NULL_CONVERSION = YES;
				CLANG_WARN_OBJC_IMPLICIT_RETAIN_SELF = YES;
				CLANG_WARN_OBJC_LITERAL_CONVERSION = YES;
				CLANG_WARN_OBJC_ROOT_CLASS = YES_ERROR;
				CLANG_WARN_RANGE_LOOP_ANALYSIS = YES;
				CLANG_WARN_STRICT_PROTOTYPES = YES;
				CLANG_WARN_SUSPICIOUS_MOVE = YES;
				CLANG_WARN_UNGUARDED_AVAILABILITY = YES_AGGRESSIVE;
				CLANG_WARN_UNREACHABLE_CODE = YES;
				CLANG_WARN__DUPLICATE_METHOD_MATCH = YES;
				COPY_PHASE_STRIP = NO;
				DEBUG_INFORMATION_FORMAT = "dwarf-with-dsym";
				ENABLE_NS_ASSERTIONS = NO;
				ENABLE_STRICT_OBJC_MSGSEND = YES;
				GCC_C_LANGUAGE_STANDARD = gnu11;
				GCC_NO_COMMON_BLOCKS = YES;
				GCC_WARN_64_TO_32_BIT_CONVERSION = YES;
				GCC_WARN_ABOUT_RETURN_TYPE = YES_ERROR;
				GCC_WARN_UNDECLARED_SELECTOR = YES;
				GCC_WARN_UNINITIALIZED_AUTOS = YES_AGGRESSIVE;
				GCC_WARN_UNUSED_FUNCTION = YES;
				GCC_WARN_UNUSED_VARIABLE = YES;
				IPHONEOS_DEPLOYMENT_TARGET = 13.7;
				MTL_ENABLE_DEBUG_INFO = NO;
				MTL_FAST_MATH = YES;
				SDKROOT = iphoneos;
				SWIFT_COMPILATION_MODE = wholemodule;
				SWIFT_OPTIMIZATION_LEVEL = "-O";
				VALIDATE_PRODUCT = YES;
			};
			name = Release;
		};
		FB54C9E725002B59004D96AF /* Debug */ = {
			isa = XCBuildConfiguration;
			buildSettings = {
				ASSETCATALOG_COMPILER_APPICON_NAME = AppIcon;
				CODE_SIGN_STYLE = Automatic;
				DEVELOPMENT_TEAM = 4J7B9732LY;
				INFOPLIST_FILE = "Day4_iOSPrep/Supporting Files/Info.plist";
				LD_RUNPATH_SEARCH_PATHS = (
					"$(inherited)",
					"@executable_path/Frameworks",
				);
				PRODUCT_BUNDLE_IDENTIFIER = "devmountain.com.Day4-iOSPrep";
				PRODUCT_NAME = "$(TARGET_NAME)";
				SWIFT_VERSION = 5.0;
				TARGETED_DEVICE_FAMILY = "1,2";
			};
			name = Debug;
		};
		FB54C9E825002B59004D96AF /* Release */ = {
			isa = XCBuildConfiguration;
			buildSettings = {
				ASSETCATALOG_COMPILER_APPICON_NAME = AppIcon;
				CODE_SIGN_STYLE = Automatic;
				DEVELOPMENT_TEAM = 4J7B9732LY;
				INFOPLIST_FILE = "Day4_iOSPrep/Supporting Files/Info.plist";
				LD_RUNPATH_SEARCH_PATHS = (
					"$(inherited)",
					"@executable_path/Frameworks",
				);
				PRODUCT_BUNDLE_IDENTIFIER = "devmountain.com.Day4-iOSPrep";
				PRODUCT_NAME = "$(TARGET_NAME)";
				SWIFT_VERSION = 5.0;
				TARGETED_DEVICE_FAMILY = "1,2";
			};
			name = Release;
		};
/* End XCBuildConfiguration section */

/* Begin XCConfigurationList section */
		FB54C9CD25002B56004D96AF /* Build configuration list for PBXProject "Day4_iOSPrep" */ = {
			isa = XCConfigurationList;
			buildConfigurations = (
				FB54C9E425002B59004D96AF /* Debug */,
				FB54C9E525002B59004D96AF /* Release */,
			);
			defaultConfigurationIsVisible = 0;
			defaultConfigurationName = Release;
		};
		FB54C9E625002B59004D96AF /* Build configuration list for PBXNativeTarget "Day4_iOSPrep" */ = {
			isa = XCConfigurationList;
			buildConfigurations = (
				FB54C9E725002B59004D96AF /* Debug */,
				FB54C9E825002B59004D96AF /* Release */,
			);
			defaultConfigurationIsVisible = 0;
			defaultConfigurationName = Release;
		};
/* End XCConfigurationList section */
	};
	rootObject = FB54C9CA25002B56004D96AF /* Project object */;
}
